schema: '2.0'
stages:
  ingestion:
    cmd: poetry run ingestion
    outs:
    - path: data/dev.parquet
      md5: d15d7dbbe5072ea467824341149f6cf9
      size: 343802
    - path: data/test.parquet
      md5: b2536690aedc26976976d44a64082858
      size: 341195
    - path: data/train.parquet
      md5: eb035b9882d5621d030276e85bb07deb
      size: 2701174
  train:
    cmd: poetry run train
    deps:
    - path: data/train.parquet
      md5: eb035b9882d5621d030276e85bb07deb
      size: 2701174
    outs:
    - path: emo_classifier/artifact/
      md5: 3669bb41498d9a18cbeb704d379be63f.dir
      size: 35299025
      nfiles: 2
    - path: emo_classifier/resources/TrainingMetrics.json
      md5: 06b91464e882267efc917d539040e52d
      size: 238
  evaluate:
    cmd: poetry run jupyter nbconvert --to HTML --execute notebook/error_analysis.ipynb
    deps:
    - path: data/dev.parquet
      md5: d15d7dbbe5072ea467824341149f6cf9
      size: 343802
    - path: data/test.parquet
      md5: b2536690aedc26976976d44a64082858
      size: 341195
    - path: emo_classifier/artifact
      md5: 3eaf1a917531d468fd7941cbd5145904.dir
      size: 35299201
      nfiles: 3
    outs:
    - path: emo_classifier/resources/DevMetrics.json
      md5: 0319f44e0dd07722c08d3083115411c3
      size: 6218
    - path: emo_classifier/resources/TestMetrics.json
      md5: fa22f20a175508112dde22b7de4f6765
      size: 38
    - path: emo_classifier/resources/Thresholds.json
      md5: 2138a10e45842b147e52ac4938290f28
      size: 892
    - path: emo_classifier/resources/dev_predictions.parquet
      md5: 6d2b6138d97032baca9d7381f0e95598
      size: 1662385
    - path: notebook/error_analysis.html
      md5: 85dc5376ac835c17546639f864114c2a
      size: 5303998
